// !$*UTF8*$!
{
	archiveVersion = 1;
	classes = {
	};
	objectVersion = 46;
	objects = {

/* Begin PBXBuildFile section */
		F3584B5419D81124003D0DAD /* main.swift in Sources */ = {isa = PBXBuildFile; fileRef = F3584B5319D81124003D0DAD /* main.swift */; };
		F3584B5B19D81132003D0DAD /* matvec.cl in Sources */ = {isa = PBXBuildFile; fileRef = F3584B5A19D81132003D0DAD /* matvec.cl */; };
/* End PBXBuildFile section */

/* Begin PBXCopyFilesBuildPhase section */
		F3584B4E19D81124003D0DAD /* CopyFiles */ = {
			isa = PBXCopyFilesBuildPhase;
			buildActionMask = 2147483647;
			dstPath = /usr/share/man/man1/;
			dstSubfolderSpec = 0;
			files = (
			);
			runOnlyForDeploymentPostprocessing = 1;
		};
/* End PBXCopyFilesBuildPhase section */

/* Begin PBXFileReference section */
		F3584B5019D81124003D0DAD /* MatVec */ = {isa = PBXFileReference; explicitFileType = "compiled.mach-o.executable"; includeInIndex = 0; path = MatVec; sourceTree = BUILT_PRODUCTS_DIR; };
		F3584B5319D81124003D0DAD /* main.swift */ = {isa = PBXFileReference; lastKnownFileType = sourcecode.swift; path = main.swift; sourceTree = "<group>"; };
		F3584B5A19D81132003D0DAD /* matvec.cl */ = {isa = PBXFileReference; fileEncoding = 4; lastKnownFileType = sourcecode.opencl; path = matvec.cl; sourceTree = "<group>"; };
		F3584B7219D813CE003D0DAD /* Bridging-Header.h */ = {isa = PBXFileReference; lastKnownFileType = sourcecode.c.h; path = "Bridging-Header.h"; sourceTree = "<group>"; };
/* End PBXFileReference section */

/* Begin PBXFrameworksBuildPhase section */
		F3584B4D19D81124003D0DAD /* Frameworks */ = {
			isa = PBXFrameworksBuildPhase;
			buildActionMask = 2147483647;
			files = (
			);
			runOnlyForDeploymentPostprocessing = 0;
		};
/* End PBXFrameworksBuildPhase section */

/* Begin PBXGroup section */
		F3584B4719D81124003D0DAD = {
			isa = PBXGroup;
			children = (
				F3584B5219D81124003D0DAD /* MatVec */,
				F3584B5119D81124003D0DAD /* Products */,
			);
			sourceTree = "<group>";
		};
		F3584B5119D81124003D0DAD /* Products */ = {
			isa = PBXGroup;
			children = (
				F3584B5019D81124003D0DAD /* MatVec */,
			);
			name = Products;
			sourceTree = "<group>";
		};
		F3584B5219D81124003D0DAD /* MatVec */ = {
			isa = PBXGroup;
			children = (
				F3584B5319D81124003D0DAD /* main.swift */,
				F3584B5A19D81132003D0DAD /* matvec.cl */,
				F3584B7219D813CE003D0DAD /* Bridging-Header.h */,
			);
			path = MatVec;
			sourceTree = "<group>";
		};
/* End PBXGroup section */

/* Begin PBXNativeTarget section */
		F3584B4F19D81124003D0DAD /* MatVec */ = {
			isa = PBXNativeTarget;
			buildConfigurationList = F3584B5719D81124003D0DAD /* Build configuration list for PBXNativeTarget "MatVec" */;
			buildPhases = (
				F3584B4C19D81124003D0DAD /* Sources */,
				F3584B4D19D81124003D0DAD /* Frameworks */,
				F3584B4E19D81124003D0DAD /* CopyFiles */,
			);
			buildRules = (
			);
			dependencies = (
			);
			name = MatVec;
			productName = MatVec;
			productReference = F3584B5019D81124003D0DAD /* MatVec */;
			productType = "com.apple.product-type.tool";
		};
/* End PBXNativeTarget section */

/* Begin PBXProject section */
		F3584B4819D81124003D0DAD /* Project object */ = {
			isa = PBXProject;
			attributes = {
				LastUpgradeCheck = 0610;
				ORGANIZATIONNAME = "Damien Pontifex";
				TargetAttributes = {
					F3584B4F19D81124003D0DAD = {
						CreatedOnToolsVersion = 6.1;
					};
				};
			};
			buildConfigurationList = F3584B4B19D81124003D0DAD /* Build configuration list for PBXProject "MatVec" */;
			compatibilityVersion = "Xcode 3.2";
			developmentRegion = English;
			hasScannedForEncodings = 0;
			knownRegions = (
				en,
			);
			mainGroup = F3584B4719D81124003D0DAD;
			productRefGroup = F3584B5119D81124003D0DAD /* Products */;
			projectDirPath = "";
			projectRoot = "";
			targets = (
				F3584B4F19D81124003D0DAD /* MatVec */,
			);
		};
/* End PBXProject section */

/* Begin PBXSourcesBuildPhase section */
		F3584B4C19D81124003D0DAD /* Sources */ = {
			isa = PBXSourcesBuildPhase;
			buildActionMask = 2147483647;
			files = (
				F3584B5B19D81132003D0DAD /* matvec.cl in Sources */,
				F3584B5419D81124003D0DAD /* main.swift in Sources */,
			);
			runOnlyForDeploymentPostprocessing = 0;
		};
/* End PBXSourcesBuildPhase section */

/* Begin XCBuildConfiguration section */
		F3584B5519D81124003D0DAD /* Debug */ = {
			isa = XCBuildConfiguration;
			buildSettings = {
				ALWAYS_SEARCH_USER_PATHS = NO;
				CLANG_CXX_LANGUAGE_STANDARD = "gnu++0x";
				CLANG_CXX_LIBRARY = "libc++";
				CLANG_ENABLE_MODULES = YES;
				CLANG_ENABLE_OBJC_ARC = YES;
				CLANG_WARN_BOOL_CONVERSION = YES;
				CLANG_WARN_CONSTANT_CONVERSION = YES;
				CLANG_WARN_DIRECT_OBJC_ISA_USAGE = YES_ERROR;
				CLANG_WARN_EMPTY_BODY = YES;
				CLANG_WARN_ENUM_CONVERSION = YES;
				CLANG_WARN_INT_CONVERSION = YES;
				CLANG_WARN_OBJC_ROOT_CLASS = YES_ERROR;
				CLANG_WARN_UNREACHABLE_CODE = YES;
				CLANG_WARN__DUPLICATE_METHOD_MATCH = YES;
				COPY_PHASE_STRIP = NO;
				ENABLE_STRICT_OBJC_MSGSEND = YES;
				GCC_C_LANGUAGE_STANDARD = gnu99;
				GCC_DYNAMIC_NO_PIC = NO;
				GCC_OPTIMIZATION_LEVEL = 0;
				GCC_PREPROCESSOR_DEFINITIONS = (
					"DEBUG=1",
					"$(inherited)",
				);
				GCC_SYMBOLS_PRIVATE_EXTERN = NO;
				GCC_WARN_64_TO_32_BIT_CONVERSION = YES;
				GCC_WARN_ABOUT_RETURN_TYPE = YES_ERROR;
				GCC_WARN_UNDECLARED_SELECTOR = YES;
				GCC_WARN_UNINITIALIZED_AUTOS = YES_AGGRESSIVE;
				GCC_WARN_UNUSED_FUNCTION = YES;
				GCC_WARN_UNUSED_VARIABLE = YES;
				MACOSX_DEPLOYMENT_TARGET = 10.10;
				MTL_ENABLE_DEBUG_INFO = YES;
				ONLY_ACTIVE_ARCH = YES;
				SDKROOT = macosx;
				SWIFT_OPTIMIZATION_LEVEL = "-Onone";
			};
			name = Debug;
		};
		F3584B5619D81124003D0DAD /* Release */ = {
			isa = XCBuildConfiguration;
			buildSettings = {
				ALWAYS_SEARCH_USER_PATHS = NO;
				CLANG_CXX_LANGUAGE_STANDARD = "gnu++0x";
				CLANG_CXX_LIBRARY = "libc++";
				CLANG_ENABLE_MODULES = YES;
				CLANG_ENABLE_OBJC_ARC = YES;
				CLANG_WARN_BOOL_CONVERSION = YES;
				CLANG_WARN_CONSTANT_CONVERSION = YES;
				CLANG_WARN_DIRECT_OBJC_ISA_USAGE = YES_ERROR;
				CLANG_WARN_EMPTY_BODY = YES;
				CLANG_WARN_ENUM_CONVERSION = YES;
				CLANG_WARN_INT_CONVERSION = YES;
				CLANG_WARN_OBJC_ROOT_CLASS = YES_ERROR;
				CLANG_WARN_UNREACHABLE_CODE = YES;
				CLANG_WARN__DUPLICATE_METHOD_MATCH = YES;
				COPY_PHASE_STRIP = YES;
				DEBUG_INFORMATION_FORMAT = "dwarf-with-dsym";
				ENABLE_NS_ASSERTIONS = NO;
				ENABLE_STRICT_OBJC_MSGSEND = YES;
				GCC_C_LANGUAGE_STANDARD = gnu99;
				GCC_WARN_64_TO_32_BIT_CONVERSION = YES;
				GCC_WARN_ABOUT_RETURN_TYPE = YES_ERROR;
				GCC_WARN_UNDECLARED_SELECTOR = YES;
				GCC_WARN_UNINITIALIZED_AUTOS = YES_AGGRESSIVE;
				GCC_WARN_UNUSED_FUNCTION = YES;
				GCC_WARN_UNUSED_VARIABLE = YES;
				MACOSX_DEPLOYMENT_TARGET = 10.10;
				MTL_ENABLE_DEBUG_INFO = NO;
				SDKROOT = macosx;
			};
			name = Release;
		};
		F3584B5819D81124003D0DAD /* Debug */ = {
			isa = XCBuildConfiguration;
			buildSettings = {
				PRODUCT_NAME = "$(TARGET_NAME)";
				SWIFT_OBJC_BRIDGING_HEADER = "MatVec/Bridging-Header.h";
			};
			name = Debug;
		};
		F3584B5919D81124003D0DAD /* Release */ = {
			isa = XCBuildConfiguration;
			buildSettings = {
				PRODUCT_NAME = "$(TARGET_NAME)";
				SWIFT_OBJC_BRIDGING_HEADER = "MatVec/Bridging-Header.h";
			};
			name = Release;
		};
/* End XCBuildConfiguration section */

/* Begin XCConfigurationList section */
		F3584B4B19D81124003D0DAD /* Build configuration list for PBXProject "MatVec" */ = {
			isa = XCConfigurationList;
			buildConfigurations = (
				F3584B5519D81124003D0DAD /* Debug */,
				F3584B5619D81124003D0DAD /* Release */,
			);
			defaultConfigurationIsVisible = 0;
			defaultConfigurationName = Release;
		};
		F3584B5719D81124003D0DAD /* Build configuration list for PBXNativeTarget "MatVec" */ = {
			isa = XCConfigurationList;
			buildConfigurations = (
				F3584B5819D81124003D0DAD /* Debug */,
				F3584B5919D81124003D0DAD /* Release */,
			);
			defaultConfigurationIsVisible = 0;
		};
/* End XCConfigurationList section */
	};
	rootObject = F3584B4819D81124003D0DAD /* Project object */;
}
